<?xml version="1.0" encoding="UTF-8" standalone="yes" ?>
<CodeBlocks_project_file>
	<FileVersion major="1" minor="6" />
	<Project>
		<Option title="WeatherLogSystem2" />
		<Option pch_mode="2" />
		<Option compiler="gcc" />
		<Build>
			<Target title="Debug">
				<Option output="bin/Debug/WeatherLogSystem2" prefix_auto="1" extension_auto="1" />
				<Option object_output="obj/Debug/" />
				<Option type="1" />
				<Option compiler="gcc" />
				<Compiler>
					<Add option="-g" />
					<Add directory="./" />
				</Compiler>
			</Target>
			<Target title="Release">
				<Option output="bin/Release/WeatherLogSystem2" prefix_auto="1" extension_auto="1" />
				<Option object_output="obj/Release/" />
				<Option type="1" />
				<Option compiler="gcc" />
				<Compiler>
					<Add option="-O2" />
					<Add directory="./" />
				</Compiler>
				<Linker>
					<Add option="-s" />
				</Linker>
			</Target>
		</Build>
		<Compiler>
			<Add option="-Wall" />
			<Add option="-fexceptions" />
		</Compiler>
		<Unit filename="Bst.h" />
		<Unit filename="BstTest.cpp">
			<Option compile="0" />
			<Option link="0" />
		</Unit>
		<Unit filename="BstWeatherHelper.cpp" />
		<Unit filename="BstWeatherHelper.h" />
		<Unit filename="BstWeatherHelperTest.cpp">
			<Option compile="0" />
			<Option link="0" />
		</Unit>
		<Unit filename="Date.cpp" />
		<Unit filename="Date.h" />
		<Unit filename="DateTest.cpp">
			<Option compile="0" />
			<Option link="0" />
		</Unit>
		<Unit filename="FunctionHelper.cpp" />
		<Unit filename="FunctionHelper.h" />
		<Unit filename="FunctionHelperTest.cpp">
			<Option compile="0" />
			<Option link="0" />
		</Unit>
		<Unit filename="Logic.cpp" />
		<Unit filename="Logic.h" />
		<Unit filename="LogicTest.cpp">
			<Option compile="0" />
			<Option link="0" />
		</Unit>
		<Unit filename="Time.cpp" />
		<Unit filename="Time.h" />
		<Unit filename="TimeTest.cpp">
			<Option compile="0" />
			<Option link="0" />
		</Unit>
		<Unit filename="Validator.cpp" />
		<Unit filename="Validator.h" />
		<Unit filename="ValidatorTest.cpp">
			<Option compile="0" />
			<Option link="0" />
		</Unit>
		<Unit filename="Vector.h" />
		<Unit filename="VectorTest.cpp">
			<Option compile="0" />
			<Option link="0" />
		</Unit>
		<Unit filename="Weather.cpp" />
		<Unit filename="Weather.h" />
		<Unit filename="WeatherTest.cpp">
			<Option compile="0" />
			<Option link="0" />
		</Unit>
		<Unit filename="main.cpp" />
		<Extensions>
			<DoxyBlocks>
				<comment_style block="0" line="0" />
				<doxyfile_project />
				<doxyfile_build />
				<doxyfile_warnings />
				<doxyfile_output />
				<doxyfile_dot class_diagrams="1" have_dot="1" />
				<general />
			</DoxyBlocks>
			<lib_finder disable_auto="1" />
		</Extensions>
	</Project>
</CodeBlocks_project_file>
